// !$*UTF8*$!
{
	archiveVersion = 1;
	classes = {
	};
	objectVersion = 50;
	objects = {

/* Begin PBXBuildFile section */
		6F580B1E231DADFD006F6680 /* Media.xcassets in Resources */ = {isa = PBXBuildFile; fileRef = 6F580B1D231DADFD006F6680 /* Media.xcassets */; };
		8C62B88F23199321009F006B /* VideoView.swift in Sources */ = {isa = PBXBuildFile; fileRef = 8C62B88E23199321009F006B /* VideoView.swift */; };
		8C8A2EBD231D8DF20043FD87 /* RoundButton.swift in Sources */ = {isa = PBXBuildFile; fileRef = 8C8A2EBC231D8DF20043FD87 /* RoundButton.swift */; };
		8C8A2EBF231DA9200043FD87 /* ProgressBar.xib in Resources */ = {isa = PBXBuildFile; fileRef = 8C8A2EBE231DA9200043FD87 /* ProgressBar.xib */; };
		8C8A2EC1231DA9CD0043FD87 /* ProgressBar.swift in Sources */ = {isa = PBXBuildFile; fileRef = 8C8A2EC0231DA9CD0043FD87 /* ProgressBar.swift */; };
		F215F1FF2315BB1300D7334B /* AppDelegate.swift in Sources */ = {isa = PBXBuildFile; fileRef = F215F1FE2315BB1300D7334B /* AppDelegate.swift */; };
		F215F2012315BB1300D7334B /* TrialViewController.swift in Sources */ = {isa = PBXBuildFile; fileRef = F215F2002315BB1300D7334B /* TrialViewController.swift */; };
		F215F2042315BB1300D7334B /* Main.storyboard in Resources */ = {isa = PBXBuildFile; fileRef = F215F2022315BB1300D7334B /* Main.storyboard */; };
		F215F2072315BB1400D7334B /* AurumFaciem.xcdatamodeld in Sources */ = {isa = PBXBuildFile; fileRef = F215F2052315BB1400D7334B /* AurumFaciem.xcdatamodeld */; };
		F215F20C2315BB1600D7334B /* LaunchScreen.storyboard in Resources */ = {isa = PBXBuildFile; fileRef = F215F20A2315BB1600D7334B /* LaunchScreen.storyboard */; };
		F2704E39231D5FEA00D080B5 /* BibliotecaTableViewDelegate.swift in Sources */ = {isa = PBXBuildFile; fileRef = F2704E38231D5FEA00D080B5 /* BibliotecaTableViewDelegate.swift */; };
		F2704E41231EB54F00D080B5 /* Video+CoreDataClass.swift in Sources */ = {isa = PBXBuildFile; fileRef = F2704E3D231EB54F00D080B5 /* Video+CoreDataClass.swift */; };
		F2704E42231EB54F00D080B5 /* Video+CoreDataProperties.swift in Sources */ = {isa = PBXBuildFile; fileRef = F2704E3E231EB54F00D080B5 /* Video+CoreDataProperties.swift */; };
		F2704E43231EB54F00D080B5 /* Lesson+CoreDataClass.swift in Sources */ = {isa = PBXBuildFile; fileRef = F2704E3F231EB54F00D080B5 /* Lesson+CoreDataClass.swift */; };
		F2704E44231EB54F00D080B5 /* Lesson+CoreDataProperties.swift in Sources */ = {isa = PBXBuildFile; fileRef = F2704E40231EB54F00D080B5 /* Lesson+CoreDataProperties.swift */; };
		F2996509231CA60E0049E60B /* TreinoCollectionViewDelegate.swift in Sources */ = {isa = PBXBuildFile; fileRef = F2996508231CA60E0049E60B /* TreinoCollectionViewDelegate.swift */; };
		F29B300D231C837E007546CE /* CollectionViewDataSourceObj.swift in Sources */ = {isa = PBXBuildFile; fileRef = F29B300C231C837E007546CE /* CollectionViewDataSourceObj.swift */; };
		F29B3010231C84C8007546CE /* TreinoCollectionViewCell.swift in Sources */ = {isa = PBXBuildFile; fileRef = F29B300E231C84C8007546CE /* TreinoCollectionViewCell.swift */; };
		F29B3011231C84C8007546CE /* TreinoCollectionViewCell.xib in Resources */ = {isa = PBXBuildFile; fileRef = F29B300F231C84C8007546CE /* TreinoCollectionViewCell.xib */; };
		F2A1F3B6231A987F0000B94B /* HomeScreenViewController.swift in Sources */ = {isa = PBXBuildFile; fileRef = F2A1F3B4231A987F0000B94B /* HomeScreenViewController.swift */; };
		F2A1F3B7231A987F0000B94B /* HomeScreenViewController.xib in Resources */ = {isa = PBXBuildFile; fileRef = F2A1F3B5231A987F0000B94B /* HomeScreenViewController.xib */; };
		F2E2392D231B40B8005DE28B /* TableViewDataSourceObj.swift in Sources */ = {isa = PBXBuildFile; fileRef = F2E2392C231B40B8005DE28B /* TableViewDataSourceObj.swift */; };
		F2E23932231C3197005DE28B /* BibliotecaTableViewCell.swift in Sources */ = {isa = PBXBuildFile; fileRef = F2E23930231C3197005DE28B /* BibliotecaTableViewCell.swift */; };
		F2E23933231C3197005DE28B /* BibliotecaTableViewCell.xib in Resources */ = {isa = PBXBuildFile; fileRef = F2E23931231C3197005DE28B /* BibliotecaTableViewCell.xib */; };
/* End PBXBuildFile section */

/* Begin PBXFileReference section */
		6F580B152319BE79006F6680 /* LibraryInfoViewController.swift */ = {isa = PBXFileReference; lastKnownFileType = sourcecode.swift; path = LibraryInfoViewController.swift; sourceTree = "<group>"; };
		6F580B162319BE79006F6680 /* LibraryInfoViewController.xib */ = {isa = PBXFileReference; lastKnownFileType = file.xib; path = LibraryInfoViewController.xib; sourceTree = "<group>"; };
		6F580B1D231DADFD006F6680 /* Media.xcassets */ = {isa = PBXFileReference; lastKnownFileType = folder.assetcatalog; path = Media.xcassets; sourceTree = "<group>"; };
		8C62B88E23199321009F006B /* VideoView.swift */ = {isa = PBXFileReference; lastKnownFileType = sourcecode.swift; path = VideoView.swift; sourceTree = "<group>"; };
		8C8A2EBC231D8DF20043FD87 /* RoundButton.swift */ = {isa = PBXFileReference; lastKnownFileType = sourcecode.swift; path = RoundButton.swift; sourceTree = "<group>"; };
		8C8A2EBE231DA9200043FD87 /* ProgressBar.xib */ = {isa = PBXFileReference; lastKnownFileType = file.xib; path = ProgressBar.xib; sourceTree = "<group>"; };
		8C8A2EC0231DA9CD0043FD87 /* ProgressBar.swift */ = {isa = PBXFileReference; lastKnownFileType = sourcecode.swift; path = ProgressBar.swift; sourceTree = "<group>"; };
		8C8C44082319B8FA00799633 /* IMG_0944.MOV */ = {isa = PBXFileReference; lastKnownFileType = video.quicktime; name = IMG_0944.MOV; path = ../../../Downloads/IMG_0944.MOV; sourceTree = "<group>"; };
		F215F1FB2315BB1300D7334B /* AurumFaciem.app */ = {isa = PBXFileReference; explicitFileType = wrapper.application; includeInIndex = 0; path = AurumFaciem.app; sourceTree = BUILT_PRODUCTS_DIR; };
		F215F1FE2315BB1300D7334B /* AppDelegate.swift */ = {isa = PBXFileReference; lastKnownFileType = sourcecode.swift; path = AppDelegate.swift; sourceTree = "<group>"; };
		F215F2002315BB1300D7334B /* TrialViewController.swift */ = {isa = PBXFileReference; lastKnownFileType = sourcecode.swift; path = TrialViewController.swift; sourceTree = "<group>"; };
		F215F2032315BB1300D7334B /* Base */ = {isa = PBXFileReference; lastKnownFileType = file.storyboard; name = Base; path = Base.lproj/Main.storyboard; sourceTree = "<group>"; };
		F215F2062315BB1400D7334B /* AurumFaciem.xcdatamodel */ = {isa = PBXFileReference; lastKnownFileType = wrapper.xcdatamodel; path = AurumFaciem.xcdatamodel; sourceTree = "<group>"; };
		F215F20B2315BB1600D7334B /* Base */ = {isa = PBXFileReference; lastKnownFileType = file.storyboard; name = Base; path = Base.lproj/LaunchScreen.storyboard; sourceTree = "<group>"; };
		F215F20D2315BB1600D7334B /* Info.plist */ = {isa = PBXFileReference; lastKnownFileType = text.plist.xml; path = Info.plist; sourceTree = "<group>"; };
		F2704E38231D5FEA00D080B5 /* BibliotecaTableViewDelegate.swift */ = {isa = PBXFileReference; lastKnownFileType = sourcecode.swift; path = BibliotecaTableViewDelegate.swift; sourceTree = "<group>"; };
		F2704E3D231EB54F00D080B5 /* Video+CoreDataClass.swift */ = {isa = PBXFileReference; lastKnownFileType = sourcecode.swift; path = "Video+CoreDataClass.swift"; sourceTree = "<group>"; };
		F2704E3E231EB54F00D080B5 /* Video+CoreDataProperties.swift */ = {isa = PBXFileReference; lastKnownFileType = sourcecode.swift; path = "Video+CoreDataProperties.swift"; sourceTree = "<group>"; };
		F2704E3F231EB54F00D080B5 /* Lesson+CoreDataClass.swift */ = {isa = PBXFileReference; lastKnownFileType = sourcecode.swift; path = "Lesson+CoreDataClass.swift"; sourceTree = "<group>"; };
		F2704E40231EB54F00D080B5 /* Lesson+CoreDataProperties.swift */ = {isa = PBXFileReference; lastKnownFileType = sourcecode.swift; path = "Lesson+CoreDataProperties.swift"; sourceTree = "<group>"; };
		F2996508231CA60E0049E60B /* TreinoCollectionViewDelegate.swift */ = {isa = PBXFileReference; lastKnownFileType = sourcecode.swift; path = TreinoCollectionViewDelegate.swift; sourceTree = "<group>"; };
		F29B300C231C837E007546CE /* CollectionViewDataSourceObj.swift */ = {isa = PBXFileReference; lastKnownFileType = sourcecode.swift; path = CollectionViewDataSourceObj.swift; sourceTree = "<group>"; };
		F29B300E231C84C8007546CE /* TreinoCollectionViewCell.swift */ = {isa = PBXFileReference; lastKnownFileType = sourcecode.swift; path = TreinoCollectionViewCell.swift; sourceTree = "<group>"; };
		F29B300F231C84C8007546CE /* TreinoCollectionViewCell.xib */ = {isa = PBXFileReference; lastKnownFileType = file.xib; path = TreinoCollectionViewCell.xib; sourceTree = "<group>"; };
		F2A1F3B4231A987F0000B94B /* HomeScreenViewController.swift */ = {isa = PBXFileReference; lastKnownFileType = sourcecode.swift; path = HomeScreenViewController.swift; sourceTree = "<group>"; };
		F2A1F3B5231A987F0000B94B /* HomeScreenViewController.xib */ = {isa = PBXFileReference; lastKnownFileType = file.xib; path = HomeScreenViewController.xib; sourceTree = "<group>"; };
		F2E2392C231B40B8005DE28B /* TableViewDataSourceObj.swift */ = {isa = PBXFileReference; lastKnownFileType = sourcecode.swift; path = TableViewDataSourceObj.swift; sourceTree = "<group>"; };
		F2E23930231C3197005DE28B /* BibliotecaTableViewCell.swift */ = {isa = PBXFileReference; lastKnownFileType = sourcecode.swift; path = BibliotecaTableViewCell.swift; sourceTree = "<group>"; };
		F2E23931231C3197005DE28B /* BibliotecaTableViewCell.xib */ = {isa = PBXFileReference; lastKnownFileType = file.xib; path = BibliotecaTableViewCell.xib; sourceTree = "<group>"; };
/* End PBXFileReference section */

/* Begin PBXFrameworksBuildPhase section */
		F215F1F82315BB1300D7334B /* Frameworks */ = {
			isa = PBXFrameworksBuildPhase;
			buildActionMask = 2147483647;
			files = (
			);
			runOnlyForDeploymentPostprocessing = 0;
		};
/* End PBXFrameworksBuildPhase section */

/* Begin PBXGroup section */
		8C4F3376231709BA00EC85DE /* View */ = {
			isa = PBXGroup;
			children = (
				F215F2022315BB1300D7334B /* Main.storyboard */,
				F215F20A2315BB1600D7334B /* LaunchScreen.storyboard */,
				F2A1F3B5231A987F0000B94B /* HomeScreenViewController.xib */,
				F2E23931231C3197005DE28B /* BibliotecaTableViewCell.xib */,
				F29B300F231C84C8007546CE /* TreinoCollectionViewCell.xib */,
				8C8A2EBC231D8DF20043FD87 /* RoundButton.swift */,
				8C8A2EBE231DA9200043FD87 /* ProgressBar.xib */,
				8C8A2EC0231DA9CD0043FD87 /* ProgressBar.swift */,
			);
			path = View;
			sourceTree = "<group>";
		};
		F215F1F22315BB1300D7334B = {
			isa = PBXGroup;
			children = (
				F215F1FD2315BB1300D7334B /* AurumFaciem */,
				F215F1FC2315BB1300D7334B /* Products */,
				F28FF5A723203064008DEA92 /* Recovered References */,
			);
			sourceTree = "<group>";
		};
		F215F1FC2315BB1300D7334B /* Products */ = {
			isa = PBXGroup;
			children = (
				F215F1FB2315BB1300D7334B /* AurumFaciem.app */,
			);
			name = Products;
			sourceTree = "<group>";
		};
		F215F1FD2315BB1300D7334B /* AurumFaciem */ = {
			isa = PBXGroup;
			children = (
				F215F1FE2315BB1300D7334B /* AppDelegate.swift */,
				F2704E3A231EA56D00D080B5 /* Model */,
				8C4F3376231709BA00EC85DE /* View */,
				F2A1F3B2231A98470000B94B /* Controller */,
				F2A1F3B3231A98500000B94B /* SubClasses */,
				6F580B152319BE79006F6680 /* LibraryInfoViewController.swift */,
				6F580B162319BE79006F6680 /* LibraryInfoViewController.xib */,
				F215F20D2315BB1600D7334B /* Info.plist */,
				F215F2052315BB1400D7334B /* AurumFaciem.xcdatamodeld */,
				6F580B1D231DADFD006F6680 /* Media.xcassets */,
			);
			path = AurumFaciem;
			sourceTree = "<group>";
		};
		F2704E3A231EA56D00D080B5 /* Model */ = {
			isa = PBXGroup;
			children = (
				F2704E3D231EB54F00D080B5 /* Video+CoreDataClass.swift */,
				F2704E3E231EB54F00D080B5 /* Video+CoreDataProperties.swift */,
				F2704E3F231EB54F00D080B5 /* Lesson+CoreDataClass.swift */,
				F2704E40231EB54F00D080B5 /* Lesson+CoreDataProperties.swift */,
			);
			path = Model;
			sourceTree = "<group>";
		};
		F28FF5A723203064008DEA92 /* Recovered References */ = {
			isa = PBXGroup;
			children = (
				8C8C44082319B8FA00799633 /* IMG_0944.MOV */,
			);
			name = "Recovered References";
			sourceTree = "<group>";
		};
		F2A1F3B2231A98470000B94B /* Controller */ = {
			isa = PBXGroup;
			children = (
				F215F2002315BB1300D7334B /* TrialViewController.swift */,
				F2A1F3B4231A987F0000B94B /* HomeScreenViewController.swift */,
			);
			path = Controller;
			sourceTree = "<group>";
		};
		F2A1F3B3231A98500000B94B /* SubClasses */ = {
			isa = PBXGroup;
			children = (
				8C62B88E23199321009F006B /* VideoView.swift */,
				F2E2392C231B40B8005DE28B /* TableViewDataSourceObj.swift */,
				F2704E38231D5FEA00D080B5 /* BibliotecaTableViewDelegate.swift */,
				F2996508231CA60E0049E60B /* TreinoCollectionViewDelegate.swift */,
				F29B300C231C837E007546CE /* CollectionViewDataSourceObj.swift */,
				F2E23930231C3197005DE28B /* BibliotecaTableViewCell.swift */,
				F29B300E231C84C8007546CE /* TreinoCollectionViewCell.swift */,
			);
			path = SubClasses;
			sourceTree = "<group>";
		};
/* End PBXGroup section */

/* Begin PBXNativeTarget section */
		F215F1FA2315BB1300D7334B /* AurumFaciem */ = {
			isa = PBXNativeTarget;
			buildConfigurationList = F215F2102315BB1600D7334B /* Build configuration list for PBXNativeTarget "AurumFaciem" */;
			buildPhases = (
				F215F1F72315BB1300D7334B /* Sources */,
				F215F1F82315BB1300D7334B /* Frameworks */,
				F215F1F92315BB1300D7334B /* Resources */,
				F24EF77F2316F29E00369C19 /* Run SwiftLint Script */,
			);
			buildRules = (
			);
			dependencies = (
			);
			name = AurumFaciem;
			productName = AurumFaciem;
			productReference = F215F1FB2315BB1300D7334B /* AurumFaciem.app */;
			productType = "com.apple.product-type.application";
		};
/* End PBXNativeTarget section */

/* Begin PBXProject section */
		F215F1F32315BB1300D7334B /* Project object */ = {
			isa = PBXProject;
			attributes = {
				LastSwiftUpdateCheck = 1030;
				LastUpgradeCheck = 1030;
				ORGANIZATIONNAME = "Rafael Galdino";
				TargetAttributes = {
					F215F1FA2315BB1300D7334B = {
						CreatedOnToolsVersion = 10.3;
					};
				};
			};
			buildConfigurationList = F215F1F62315BB1300D7334B /* Build configuration list for PBXProject "AurumFaciem" */;
			compatibilityVersion = "Xcode 9.3";
			developmentRegion = en;
			hasScannedForEncodings = 0;
			knownRegions = (
				en,
				Base,
			);
			mainGroup = F215F1F22315BB1300D7334B;
			productRefGroup = F215F1FC2315BB1300D7334B /* Products */;
			projectDirPath = "";
			projectRoot = "";
			targets = (
				F215F1FA2315BB1300D7334B /* AurumFaciem */,
			);
		};
/* End PBXProject section */

/* Begin PBXResourcesBuildPhase section */
		F215F1F92315BB1300D7334B /* Resources */ = {
			isa = PBXResourcesBuildPhase;
			buildActionMask = 2147483647;
			files = (
				F215F20C2315BB1600D7334B /* LaunchScreen.storyboard in Resources */,
				F2E23933231C3197005DE28B /* BibliotecaTableViewCell.xib in Resources */,
				F29B3011231C84C8007546CE /* TreinoCollectionViewCell.xib in Resources */,
				F2A1F3B7231A987F0000B94B /* HomeScreenViewController.xib in Resources */,
				8C8A2EBF231DA9200043FD87 /* ProgressBar.xib in Resources */,
				6F580B1E231DADFD006F6680 /* Media.xcassets in Resources */,
				F215F2042315BB1300D7334B /* Main.storyboard in Resources */,
			);
			runOnlyForDeploymentPostprocessing = 0;
		};
/* End PBXResourcesBuildPhase section */

/* Begin PBXShellScriptBuildPhase section */
		F24EF77F2316F29E00369C19 /* Run SwiftLint Script */ = {
			isa = PBXShellScriptBuildPhase;
			buildActionMask = 2147483647;
			files = (
			);
			inputFileListPaths = (
			);
			inputPaths = (
			);
			name = "Run SwiftLint Script";
			outputFileListPaths = (
			);
			outputPaths = (
			);
			runOnlyForDeploymentPostprocessing = 0;
			shellPath = /bin/sh;
			shellScript = "if which swiftlint >/dev/null; then\nswiftlint\nelse\necho \"warning: SwiftLint not installed, download from https://github.com/realm/SwiftLint\"\nfi\n";
		};
/* End PBXShellScriptBuildPhase section */

/* Begin PBXSourcesBuildPhase section */
		F215F1F72315BB1300D7334B /* Sources */ = {
			isa = PBXSourcesBuildPhase;
			buildActionMask = 2147483647;
			files = (
				8C62B88F23199321009F006B /* VideoView.swift in Sources */,
				F2996509231CA60E0049E60B /* TreinoCollectionViewDelegate.swift in Sources */,
				F2704E44231EB54F00D080B5 /* Lesson+CoreDataProperties.swift in Sources */,
				F29B300D231C837E007546CE /* CollectionViewDataSourceObj.swift in Sources */,
				F2E23932231C3197005DE28B /* BibliotecaTableViewCell.swift in Sources */,
				8C8A2EBD231D8DF20043FD87 /* RoundButton.swift in Sources */,
				F215F2072315BB1400D7334B /* AurumFaciem.xcdatamodeld in Sources */,
				F2704E39231D5FEA00D080B5 /* BibliotecaTableViewDelegate.swift in Sources */,
				F2E2392D231B40B8005DE28B /* TableViewDataSourceObj.swift in Sources */,
				F2704E41231EB54F00D080B5 /* Video+CoreDataClass.swift in Sources */,
				F29B3010231C84C8007546CE /* TreinoCollectionViewCell.swift in Sources */,
				F2704E43231EB54F00D080B5 /* Lesson+CoreDataClass.swift in Sources */,
				F215F2012315BB1300D7334B /* TrialViewController.swift in Sources */,
				8C8A2EC1231DA9CD0043FD87 /* ProgressBar.swift in Sources */,
				F215F1FF2315BB1300D7334B /* AppDelegate.swift in Sources */,
				F2704E42231EB54F00D080B5 /* Video+CoreDataProperties.swift in Sources */,
				F2A1F3B6231A987F0000B94B /* HomeScreenViewController.swift in Sources */,
			);
			runOnlyForDeploymentPostprocessing = 0;
		};
/* End PBXSourcesBuildPhase section */

/* Begin PBXVariantGroup section */
		F215F2022315BB1300D7334B /* Main.storyboard */ = {
			isa = PBXVariantGroup;
			children = (
				F215F2032315BB1300D7334B /* Base */,
			);
			name = Main.storyboard;
			sourceTree = "<group>";
		};
		F215F20A2315BB1600D7334B /* LaunchScreen.storyboard */ = {
			isa = PBXVariantGroup;
			children = (
				F215F20B2315BB1600D7334B /* Base */,
			);
			name = LaunchScreen.storyboard;
			sourceTree = "<group>";
		};
/* End PBXVariantGroup section */

/* Begin XCBuildConfiguration section */
		F215F20E2315BB1600D7334B /* Debug */ = {
			isa = XCBuildConfiguration;
			buildSettings = {
				ALWAYS_SEARCH_USER_PATHS = NO;
				CLANG_ANALYZER_NONNULL = YES;
				CLANG_ANALYZER_NUMBER_OBJECT_CONVERSION = YES_AGGRESSIVE;
				CLANG_CXX_LANGUAGE_STANDARD = "gnu++14";
				CLANG_CXX_LIBRARY = "libc++";
				CLANG_ENABLE_MODULES = YES;
				CLANG_ENABLE_OBJC_ARC = YES;
				CLANG_ENABLE_OBJC_WEAK = YES;
				CLANG_WARN_BLOCK_CAPTURE_AUTORELEASING = YES;
				CLANG_WARN_BOOL_CONVERSION = YES;
				CLANG_WARN_COMMA = YES;
				CLANG_WARN_CONSTANT_CONVERSION = YES;
				CLANG_WARN_DEPRECATED_OBJC_IMPLEMENTATIONS = YES;
				CLANG_WARN_DIRECT_OBJC_ISA_USAGE = YES_ERROR;
				CLANG_WARN_DOCUMENTATION_COMMENTS = YES;
				CLANG_WARN_EMPTY_BODY = YES;
				CLANG_WARN_ENUM_CONVERSION = YES;
				CLANG_WARN_INFINITE_RECURSION = YES;
				CLANG_WARN_INT_CONVERSION = YES;
				CLANG_WARN_NON_LITERAL_NULL_CONVERSION = YES;
				CLANG_WARN_OBJC_IMPLICIT_RETAIN_SELF = YES;
				CLANG_WARN_OBJC_LITERAL_CONVERSION = YES;
				CLANG_WARN_OBJC_ROOT_CLASS = YES_ERROR;
				CLANG_WARN_RANGE_LOOP_ANALYSIS = YES;
				CLANG_WARN_STRICT_PROTOTYPES = YES;
				CLANG_WARN_SUSPICIOUS_MOVE = YES;
				CLANG_WARN_UNGUARDED_AVAILABILITY = YES_AGGRESSIVE;
				CLANG_WARN_UNREACHABLE_CODE = YES;
				CLANG_WARN__DUPLICATE_METHOD_MATCH = YES;
				CODE_SIGN_IDENTITY = "iPhone Developer";
				COPY_PHASE_STRIP = NO;
				DEBUG_INFORMATION_FORMAT = dwarf;
				ENABLE_STRICT_OBJC_MSGSEND = YES;
				ENABLE_TESTABILITY = YES;
				GCC_C_LANGUAGE_STANDARD = gnu11;
				GCC_DYNAMIC_NO_PIC = NO;
				GCC_NO_COMMON_BLOCKS = YES;
				GCC_OPTIMIZATION_LEVEL = 0;
				GCC_PREPROCESSOR_DEFINITIONS = (
					"DEBUG=1",
					"$(inherited)",
				);
				GCC_WARN_64_TO_32_BIT_CONVERSION = YES;
				GCC_WARN_ABOUT_RETURN_TYPE = YES_ERROR;
				GCC_WARN_UNDECLARED_SELECTOR = YES;
				GCC_WARN_UNINITIALIZED_AUTOS = YES_AGGRESSIVE;
				GCC_WARN_UNUSED_FUNCTION = YES;
				GCC_WARN_UNUSED_VARIABLE = YES;
				IPHONEOS_DEPLOYMENT_TARGET = 12.4;
				MTL_ENABLE_DEBUG_INFO = INCLUDE_SOURCE;
				MTL_FAST_MATH = YES;
				ONLY_ACTIVE_ARCH = YES;
				SDKROOT = iphoneos;
				SWIFT_ACTIVE_COMPILATION_CONDITIONS = DEBUG;
				SWIFT_OPTIMIZATION_LEVEL = "-Onone";
			};
			name = Debug;
		};
		F215F20F2315BB1600D7334B /* Release */ = {
			isa = XCBuildConfiguration;
			buildSettings = {
				ALWAYS_SEARCH_USER_PATHS = NO;
				CLANG_ANALYZER_NONNULL = YES;
				CLANG_ANALYZER_NUMBER_OBJECT_CONVERSION = YES_AGGRESSIVE;
				CLANG_CXX_LANGUAGE_STANDARD = "gnu++14";
				CLANG_CXX_LIBRARY = "libc++";
				CLANG_ENABLE_MODULES = YES;
				CLANG_ENABLE_OBJC_ARC = YES;
				CLANG_ENABLE_OBJC_WEAK = YES;
				CLANG_WARN_BLOCK_CAPTURE_AUTORELEASING = YES;
				CLANG_WARN_BOOL_CONVERSION = YES;
				CLANG_WARN_COMMA = YES;
				CLANG_WARN_CONSTANT_CONVERSION = YES;
				CLANG_WARN_DEPRECATED_OBJC_IMPLEMENTATIONS = YES;
				CLANG_WARN_DIRECT_OBJC_ISA_USAGE = YES_ERROR;
				CLANG_WARN_DOCUMENTATION_COMMENTS = YES;
				CLANG_WARN_EMPTY_BODY = YES;
				CLANG_WARN_ENUM_CONVERSION = YES;
				CLANG_WARN_INFINITE_RECURSION = YES;
				CLANG_WARN_INT_CONVERSION = YES;
				CLANG_WARN_NON_LITERAL_NULL_CONVERSION = YES;
				CLANG_WARN_OBJC_IMPLICIT_RETAIN_SELF = YES;
				CLANG_WARN_OBJC_LITERAL_CONVERSION = YES;
				CLANG_WARN_OBJC_ROOT_CLASS = YES_ERROR;
				CLANG_WARN_RANGE_LOOP_ANALYSIS = YES;
				CLANG_WARN_STRICT_PROTOTYPES = YES;
				CLANG_WARN_SUSPICIOUS_MOVE = YES;
				CLANG_WARN_UNGUARDED_AVAILABILITY = YES_AGGRESSIVE;
				CLANG_WARN_UNREACHABLE_CODE = YES;
				CLANG_WARN__DUPLICATE_METHOD_MATCH = YES;
				CODE_SIGN_IDENTITY = "iPhone Developer";
				COPY_PHASE_STRIP = NO;
				DEBUG_INFORMATION_FORMAT = "dwarf-with-dsym";
				ENABLE_NS_ASSERTIONS = NO;
				ENABLE_STRICT_OBJC_MSGSEND = YES;
				GCC_C_LANGUAGE_STANDARD = gnu11;
				GCC_NO_COMMON_BLOCKS = YES;
				GCC_WARN_64_TO_32_BIT_CONVERSION = YES;
				GCC_WARN_ABOUT_RETURN_TYPE = YES_ERROR;
				GCC_WARN_UNDECLARED_SELECTOR = YES;
				GCC_WARN_UNINITIALIZED_AUTOS = YES_AGGRESSIVE;
				GCC_WARN_UNUSED_FUNCTION = YES;
				GCC_WARN_UNUSED_VARIABLE = YES;
				IPHONEOS_DEPLOYMENT_TARGET = 12.4;
				MTL_ENABLE_DEBUG_INFO = NO;
				MTL_FAST_MATH = YES;
				SDKROOT = iphoneos;
				SWIFT_COMPILATION_MODE = wholemodule;
				SWIFT_OPTIMIZATION_LEVEL = "-O";
				VALIDATE_PRODUCT = YES;
			};
			name = Release;
		};
		F215F2112315BB1600D7334B /* Debug */ = {
			isa = XCBuildConfiguration;
			buildSettings = {
				ASSETCATALOG_COMPILER_APPICON_NAME = AppIcon;
				CODE_SIGN_STYLE = Automatic;
				DEVELOPMENT_TEAM = 679BRJ4243;
				INFOPLIST_FILE = AurumFaciem/Info.plist;
				LD_RUNPATH_SEARCH_PATHS = (
					"$(inherited)",
					"@executable_path/Frameworks",
				);
				PRODUCT_BUNDLE_IDENTIFIER = Galdineris.AurumFaciem;
				PRODUCT_NAME = "$(TARGET_NAME)";
				SWIFT_VERSION = 5.0;
				TARGETED_DEVICE_FAMILY = "1,2";
			};
			name = Debug;
		};
		F215F2122315BB1600D7334B /* Release */ = {
			isa = XCBuildConfiguration;
			buildSettings = {
				ASSETCATALOG_COMPILER_APPICON_NAME = AppIcon;
				CODE_SIGN_STYLE = Automatic;
				DEVELOPMENT_TEAM = 679BRJ4243;
				INFOPLIST_FILE = AurumFaciem/Info.plist;
				LD_RUNPATH_SEARCH_PATHS = (
					"$(inherited)",
					"@executable_path/Frameworks",
				);
				PRODUCT_BUNDLE_IDENTIFIER = Galdineris.AurumFaciem;
				PRODUCT_NAME = "$(TARGET_NAME)";
				SWIFT_VERSION = 5.0;
				TARGETED_DEVICE_FAMILY = "1,2";
			};
			name = Release;
		};
/* End XCBuildConfiguration section */

/* Begin XCConfigurationList section */
		F215F1F62315BB1300D7334B /* Build configuration list for PBXProject "AurumFaciem" */ = {
			isa = XCConfigurationList;
			buildConfigurations = (
				F215F20E2315BB1600D7334B /* Debug */,
				F215F20F2315BB1600D7334B /* Release */,
			);
			defaultConfigurationIsVisible = 0;
			defaultConfigurationName = Release;
		};
		F215F2102315BB1600D7334B /* Build configuration list for PBXNativeTarget "AurumFaciem" */ = {
			isa = XCConfigurationList;
			buildConfigurations = (
				F215F2112315BB1600D7334B /* Debug */,
				F215F2122315BB1600D7334B /* Release */,
			);
			defaultConfigurationIsVisible = 0;
			defaultConfigurationName = Release;
		};
/* End XCConfigurationList section */

/* Begin XCVersionGroup section */
		F215F2052315BB1400D7334B /* AurumFaciem.xcdatamodeld */ = {
			isa = XCVersionGroup;
			children = (
				F215F2062315BB1400D7334B /* AurumFaciem.xcdatamodel */,
			);
			currentVersion = F215F2062315BB1400D7334B /* AurumFaciem.xcdatamodel */;
			path = AurumFaciem.xcdatamodeld;
			sourceTree = "<group>";
			versionGroupType = wrapper.xcdatamodel;
		};
/* End XCVersionGroup section */
	};
	rootObject = F215F1F32315BB1300D7334B /* Project object */;
}
